<?xml version="1.0" encoding="utf-8"?>
<Project ToolsVersion="4.0" xmlns="http://schemas.microsoft.com/developer/msbuild/2003">
  <ItemGroup>
    <Filter Include="ソース ファイル">
      <UniqueIdentifier>{4FC737F1-C7A5-4376-A066-2A32D752A2FF}</UniqueIdentifier>
      <Extensions>cpp;c;cc;cxx;c++;cppm;ixx;def;odl;idl;hpj;bat;asm;asmx</Extensions>
    </Filter>
    <Filter Include="ヘッダー ファイル">
      <UniqueIdentifier>{93995380-89BD-4b04-88EB-625FBE52EBFB}</UniqueIdentifier>
      <Extensions>h;hh;hpp;hxx;h++;hm;inl;inc;ipp;xsd</Extensions>
    </Filter>
    <Filter Include="リソース ファイル">
      <UniqueIdentifier>{67DA6AB6-F800-4c08-8B7A-83BB121AAD01}</UniqueIdentifier>
      <Extensions>rc;ico;cur;bmp;dlg;rc2;rct;bin;rgs;gif;jpg;jpeg;jpe;resx;tiff;tif;png;wav;mfcribbon-ms</Extensions>
    </Filter>
    <Filter Include="ソース ファイル\Mode">
      <UniqueIdentifier>{867b9589-d52c-45b1-b7d7-e50867400f76}</UniqueIdentifier>
    </Filter>
    <Filter Include="ソース ファイル\Objects">
      <UniqueIdentifier>{7e8a9cc3-ce35-450c-9184-43cc50f8fad2}</UniqueIdentifier>
    </Filter>
    <Filter Include="ヘッダー ファイル\Mode">
      <UniqueIdentifier>{42962c03-503b-4ece-9d08-957e1ba8a6c7}</UniqueIdentifier>
    </Filter>
    <Filter Include="ソース ファイル\GameMechanics">
      <UniqueIdentifier>{02db614c-8a8c-4c77-b4cc-bfd4d1e7fac9}</UniqueIdentifier>
    </Filter>
    <Filter Include="ヘッダー ファイル\Objects">
      <UniqueIdentifier>{d3130039-bc91-468c-b482-46978e8db6e0}</UniqueIdentifier>
    </Filter>
    <Filter Include="ヘッダー ファイル\GameMechanics">
      <UniqueIdentifier>{b9f7a246-48db-4ee4-8901-07d0d9ded73d}</UniqueIdentifier>
    </Filter>
    <Filter Include="ソース ファイル\Objects\Character">
      <UniqueIdentifier>{3ad4fdd4-2c6b-4cc9-9265-64c455e0ff3d}</UniqueIdentifier>
    </Filter>
    <Filter Include="ソース ファイル\Objects\Character\Player Character">
      <UniqueIdentifier>{5bb948f0-bd1b-420e-b138-48dabf7672be}</UniqueIdentifier>
    </Filter>
    <Filter Include="ソース ファイル\Objects\Character\Enemy Character">
      <UniqueIdentifier>{a72191ef-fae9-46f6-886f-9ca91dd6cc01}</UniqueIdentifier>
    </Filter>
    <Filter Include="ヘッダー ファイル\Objects\Character">
      <UniqueIdentifier>{5b8a503c-5ac9-4658-ab7f-44a78baa9a8b}</UniqueIdentifier>
    </Filter>
    <Filter Include="ヘッダー ファイル\Objects\Character\Player Character">
      <UniqueIdentifier>{abc1ee80-91f1-49e9-9223-bd624325fb13}</UniqueIdentifier>
    </Filter>
    <Filter Include="ヘッダー ファイル\Objects\Character\Enemy Character">
      <UniqueIdentifier>{418113be-f5c7-450d-a550-20d5ce5ced42}</UniqueIdentifier>
    </Filter>
    <Filter Include="ソース ファイル\Scene">
      <UniqueIdentifier>{8f44064a-512c-49bb-853b-0c6ef6c6b2b6}</UniqueIdentifier>
    </Filter>
    <Filter Include="ヘッダー ファイル\Scene">
      <UniqueIdentifier>{30f107c9-d7e4-4ce1-aca5-114875c4d298}</UniqueIdentifier>
    </Filter>
    <Filter Include="ソース ファイル\UI">
      <UniqueIdentifier>{8461667e-4d5e-4cc5-9c25-06986bd50977}</UniqueIdentifier>
    </Filter>
    <Filter Include="ヘッダー ファイル\UI">
      <UniqueIdentifier>{0cf54737-2b1a-41d6-91c3-6e12fa549dec}</UniqueIdentifier>
    </Filter>
  </ItemGroup>
  <ItemGroup>
    <ClCompile Include="main.cpp">
      <Filter>ソース ファイル</Filter>
    </ClCompile>
    <ClCompile Include="test1.cpp">
      <Filter>ソース ファイル</Filter>
    </ClCompile>
    <ClCompile Include="Game.cpp">
      <Filter>ソース ファイル</Filter>
    </ClCompile>
    <ClCompile Include="Application.cpp">
      <Filter>ソース ファイル</Filter>
    </ClCompile>
    <ClCompile Include="Renderer.cpp">
      <Filter>ソース ファイル</Filter>
    </ClCompile>
    <ClCompile Include="AMode.cpp">
      <Filter>ソース ファイル\Mode</Filter>
    </ClCompile>
    <ClCompile Include="Mode.cpp">
      <Filter>ソース ファイル\Mode</Filter>
    </ClCompile>
    <ClCompile Include="ModeManager.cpp">
      <Filter>ソース ファイル\Mode</Filter>
    </ClCompile>
    <ClCompile Include="GameObject.cpp">
      <Filter>ソース ファイル\Objects</Filter>
    </ClCompile>
    <ClCompile Include="Exp.cpp">
      <Filter>ソース ファイル\GameMechanics</Filter>
    </ClCompile>
    <ClCompile Include="Combo.cpp">
      <Filter>ソース ファイル\GameMechanics</Filter>
    </ClCompile>
    <ClCompile Include="Skill.cpp">
      <Filter>ソース ファイル\GameMechanics</Filter>
    </ClCompile>
    <ClCompile Include="Chara.cpp">
      <Filter>ソース ファイル\Objects</Filter>
    </ClCompile>
    <ClCompile Include="Player.cpp">
      <Filter>ソース ファイル\Objects\Character\Player Character</Filter>
    </ClCompile>
    <ClCompile Include="Boss.cpp">
      <Filter>ソース ファイル\Objects\Character\Enemy Character</Filter>
    </ClCompile>
    <ClCompile Include="Enemy.cpp">
      <Filter>ソース ファイル\Objects\Character\Enemy Character</Filter>
    </ClCompile>
    <ClCompile Include="NormalEnemy.cpp">
      <Filter>ソース ファイル\Objects\Character\Enemy Character</Filter>
    </ClCompile>
    <ClCompile Include="Scene.cpp">
      <Filter>ソース ファイル\Scene</Filter>
    </ClCompile>
    <ClCompile Include="UIBase.cpp">
      <Filter>ソース ファイル\UI</Filter>
    </ClCompile>
    <ClCompile Include="UIManager.cpp">
      <Filter>ソース ファイル\UI</Filter>
    </ClCompile>
    <ClCompile Include="input.cpp">
      <Filter>ソース ファイル</Filter>
    </ClCompile>
    <ClCompile Include="Object.cpp">
      <Filter>ソース ファイル</Filter>
    </ClCompile>
    <ClCompile Include="stb_image.cpp">
      <Filter>ソース ファイル</Filter>
    </ClCompile>
    <ClCompile Include="Texture.cpp">
      <Filter>ソース ファイル</Filter>
    </ClCompile>
    <ClCompile Include="sound.cpp">
      <Filter>ソース ファイル</Filter>
    </ClCompile>
  </ItemGroup>
  <ItemGroup>
    <ClInclude Include="Game.h">
      <Filter>ヘッダー ファイル</Filter>
    </ClInclude>
    <ClInclude Include="main.h">
      <Filter>ヘッダー ファイル</Filter>
    </ClInclude>
    <ClInclude Include="Application.h">
      <Filter>ヘッダー ファイル</Filter>
    </ClInclude>
    <ClInclude Include="Renderer.h">
      <Filter>ヘッダー ファイル</Filter>
    </ClInclude>
    <ClInclude Include="AMode.h">
      <Filter>ヘッダー ファイル\Mode</Filter>
    </ClInclude>
    <ClInclude Include="Mode.h">
      <Filter>ヘッダー ファイル\Mode</Filter>
    </ClInclude>
    <ClInclude Include="GameObject.h">
      <Filter>ヘッダー ファイル\Objects</Filter>
    </ClInclude>
    <ClInclude Include="Combo.h">
      <Filter>ヘッダー ファイル\GameMechanics</Filter>
    </ClInclude>
    <ClInclude Include="Exp.h">
      <Filter>ヘッダー ファイル\GameMechanics</Filter>
    </ClInclude>
    <ClInclude Include="Skill.h">
      <Filter>ヘッダー ファイル\GameMechanics</Filter>
    </ClInclude>
    <ClInclude Include="Chara.h">
      <Filter>ヘッダー ファイル\Objects</Filter>
    </ClInclude>
    <ClInclude Include="ModeManager.h">
      <Filter>ヘッダー ファイル\Mode</Filter>
    </ClInclude>
    <ClInclude Include="Player.h">
      <Filter>ヘッダー ファイル\Objects\Character\Player Character</Filter>
    </ClInclude>
    <ClInclude Include="Boss.h">
      <Filter>ヘッダー ファイル\Objects\Character\Enemy Character</Filter>
    </ClInclude>
    <ClInclude Include="Enemy.h">
      <Filter>ヘッダー ファイル\Objects\Character\Enemy Character</Filter>
    </ClInclude>
    <ClInclude Include="NormalEnemy.h">
      <Filter>ヘッダー ファイル\Objects\Character\Enemy Character</Filter>
    </ClInclude>
    <ClInclude Include="MathTypes.h">
      <Filter>ヘッダー ファイル</Filter>
    </ClInclude>
    <ClInclude Include="GameTypes.h">
      <Filter>ヘッダー ファイル</Filter>
    </ClInclude>
    <ClInclude Include="Scene.h">
      <Filter>ヘッダー ファイル\Scene</Filter>
    </ClInclude>
    <ClInclude Include="UIBase.h">
      <Filter>ヘッダー ファイル\UI</Filter>
    </ClInclude>
    <ClInclude Include="UIManager.h">
      <Filter>ヘッダー ファイル\UI</Filter>
    </ClInclude>
    <ClInclude Include="input.h">
      <Filter>ヘッダー ファイル</Filter>
    <ClInclude Include="input.h">
      <Filter>ヘッダー ファイル</Filter>
    </ClInclude>
    <ClInclude Include="Object.h">
      <Filter>ヘッダー ファイル</Filter>
    </ClInclude>
    <ClInclude Include="stb_image.h">
    <ClInclude Include="Object.h">
      <Filter>ヘッダー ファイル</Filter>
    </ClInclude>
    <ClInclude Include="stb_image.h">
      <Filter>ヘッダー ファイル</Filter>
    </ClInclude>
    <ClInclude Include="Texture.h">
      <Filter>ヘッダー ファイル</Filter>
    </ClInclude>
    <ClInclude Include="sound.h">
      <Filter>ヘッダー ファイル</Filter>
    </ClInclude>
  </ItemGroup>
  <ItemGroup>
    <FxCompile Include="shader\PixelShader.hlsl" />
    <FxCompile Include="shader\VertexShader.hlsl" />
  </ItemGroup>
</Project>